
Microsoft Visual Studio Solution File, Format Version 12.00
# Visual Studio Version 17
VisualStudioVersion = 17.5.33627.172
MinimumVisualStudioVersion = 10.0.40219.1
Project("{9A19103F-16F7-4668-BE54-9A1E7A4F7556}") = "Zust.Web", "Zust\Zust.Web.csproj", "{84B3793E-E086-454B-A34C-61020D64940D}"
EndProject
Project("{9A19103F-16F7-4668-BE54-9A1E7A4F7556}") = "Zust.Business", "Zust.Business\Zust.Business.csproj", "{294CB443-044A-4ED8-87C4-87CA2136711E}"
EndProject
Project("{9A19103F-16F7-4668-BE54-9A1E7A4F7556}") = "Zust.Core", "Zust.Core\Zust.Core.csproj", "{3EABA683-55EB-4585-94A8-55CA5350DEFE}"
EndProject
Project("{9A19103F-16F7-4668-BE54-9A1E7A4F7556}") = "Zust.DataAccess", "Zust.DataAccess\Zust.DataAccess.csproj", "{F3398D17-2E02-41E5-BBC8-8F8D94724776}"
EndProject
Project("{9A19103F-16F7-4668-BE54-9A1E7A4F7556}") = "Zust.Entities", "Zust.Entities\Zust.Entities.csproj", "{7170675A-7E04-4215-94C7-896FFFF1E564}"
EndProject
Project("{2150E333-8FDC-42A3-9474-1A3956D46DE8}") = "Solution Items", "Solution Items", "{7DE80859-0379-40B7-B576-E3B7A390AE91}"
	ProjectSection(SolutionItems) = preProject
		.editorconfig = .editorconfig
	EndProjectSection
EndProject
Global
	GlobalSection(SolutionConfigurationPlatforms) = preSolution
		Debug|Any CPU = Debug|Any CPU
		Release|Any CPU = Release|Any CPU
	EndGlobalSection
	GlobalSection(ProjectConfigurationPlatforms) = postSolution
		{84B3793E-E086-454B-A34C-61020D64940D}.Debug|Any CPU.ActiveCfg = Debug|Any CPU
		{84B3793E-E086-454B-A34C-61020D64940D}.Debug|Any CPU.Build.0 = Debug|Any CPU
		{84B3793E-E086-454B-A34C-61020D64940D}.Release|Any CPU.ActiveCfg = Release|Any CPU
		{84B3793E-E086-454B-A34C-61020D64940D}.Release|Any CPU.Build.0 = Release|Any CPU
		{294CB443-044A-4ED8-87C4-87CA2136711E}.Debug|Any CPU.ActiveCfg = Debug|Any CPU
		{294CB443-044A-4ED8-87C4-87CA2136711E}.Debug|Any CPU.Build.0 = Debug|Any CPU
		{294CB443-044A-4ED8-87C4-87CA2136711E}.Release|Any CPU.ActiveCfg = Release|Any CPU
		{294CB443-044A-4ED8-87C4-87CA2136711E}.Release|Any CPU.Build.0 = Release|Any CPU
		{3EABA683-55EB-4585-94A8-55CA5350DEFE}.Debug|Any CPU.ActiveCfg = Debug|Any CPU
		{3EABA683-55EB-4585-94A8-55CA5350DEFE}.Debug|Any CPU.Build.0 = Debug|Any CPU
		{3EABA683-55EB-4585-94A8-55CA5350DEFE}.Release|Any CPU.ActiveCfg = Release|Any CPU
		{3EABA683-55EB-4585-94A8-55CA5350DEFE}.Release|Any CPU.Build.0 = Release|Any CPU
		{F3398D17-2E02-41E5-BBC8-8F8D94724776}.Debug|Any CPU.ActiveCfg = Debug|Any CPU
		{F3398D17-2E02-41E5-BBC8-8F8D94724776}.Debug|Any CPU.Build.0 = Debug|Any CPU
		{F3398D17-2E02-41E5-BBC8-8F8D94724776}.Release|Any CPU.ActiveCfg = Release|Any CPU
		{F3398D17-2E02-41E5-BBC8-8F8D94724776}.Release|Any CPU.Build.0 = Release|Any CPU
		{7170675A-7E04-4215-94C7-896FFFF1E564}.Debug|Any CPU.ActiveCfg = Debug|Any CPU
		{7170675A-7E04-4215-94C7-896FFFF1E564}.Debug|Any CPU.Build.0 = Debug|Any CPU
		{7170675A-7E04-4215-94C7-896FFFF1E564}.Release|Any CPU.ActiveCfg = Release|Any CPU
		{7170675A-7E04-4215-94C7-896FFFF1E564}.Release|Any CPU.Build.0 = Release|Any CPU
	EndGlobalSection
	GlobalSection(SolutionProperties) = preSolution
		HideSolutionNode = FALSE
	EndGlobalSection
	GlobalSection(ExtensibilityGlobals) = postSolution
		SolutionGuid = {AF8FBEFB-2434-4313-842B-C1A54F62E33A}
	EndGlobalSection
EndGlobal
